
Microsoft Visual Studio Solution File, Format Version 12.00
# Visual Studio 15
Project("{FAE04EC0-301F-11D3-BF4B-00C04F79EFBC}") = "ToonyColorsPro.Demo.Editor", "ToonyColorsPro.Demo.Editor.csproj", "{43D6441F-C927-8EDE-B288-10EBD2B25313}"
EndProject
Project("{FAE04EC0-301F-11D3-BF4B-00C04F79EFBC}") = "CFXRRuntime", "CFXRRuntime.csproj", "{A884B05A-860A-F42F-97A0-F03D6E8BDFBD}"
EndProject
Project("{FAE04EC0-301F-11D3-BF4B-00C04F79EFBC}") = "Assembly-CSharp", "Assembly-CSharp.csproj", "{151DB113-59CD-EA4A-E670-6E7C4D6887C4}"
EndProject
Project("{FAE04EC0-301F-11D3-BF4B-00C04F79EFBC}") = "CFXREditor", "CFXREditor.csproj", "{10349060-19E0-43A5-E65E-57F115903BA2}"
EndProject
Project("{FAE04EC0-301F-11D3-BF4B-00C04F79EFBC}") = "CFXRDemo", "CFXRDemo.csproj", "{8DD732DA-3305-C99D-6D49-EB2F971A9699}"
EndProject
Project("{FAE04EC0-301F-11D3-BF4B-00C04F79EFBC}") = "CFXR.WelcomeScreen", "CFXR.WelcomeScreen.csproj", "{A33D1F1D-668D-D20C-F44D-B40B78863DC1}"
EndProject
Project("{FAE04EC0-301F-11D3-BF4B-00C04F79EFBC}") = "Assembly-CSharp-Editor", "Assembly-CSharp-Editor.csproj", "{96348BBC-3C21-E4DA-6DC2-2810A45C4E94}"
EndProject
Project("{FAE04EC0-301F-11D3-BF4B-00C04F79EFBC}") = "KinoBloom.Runtime", "KinoBloom.Runtime.csproj", "{D6956522-4187-918E-37E4-100EC4CDA2EE}"
EndProject
Global
	GlobalSection(SolutionConfigurationPlatforms) = preSolution
		Debug|Any CPU = Debug|Any CPU
		Release|Any CPU = Release|Any CPU
	EndGlobalSection
	GlobalSection(ProjectConfigurationPlatforms) = postSolution
		{43D6441F-C927-8EDE-B288-10EBD2B25313}.Debug|Any CPU.ActiveCfg = Debug|Any CPU
		{43D6441F-C927-8EDE-B288-10EBD2B25313}.Debug|Any CPU.Build.0 = Debug|Any CPU
		{43D6441F-C927-8EDE-B288-10EBD2B25313}.Release|Any CPU.ActiveCfg = Release|Any CPU
		{43D6441F-C927-8EDE-B288-10EBD2B25313}.Release|Any CPU.Build.0 = Release|Any CPU
		{A884B05A-860A-F42F-97A0-F03D6E8BDFBD}.Debug|Any CPU.ActiveCfg = Debug|Any CPU
		{A884B05A-860A-F42F-97A0-F03D6E8BDFBD}.Debug|Any CPU.Build.0 = Debug|Any CPU
		{A884B05A-860A-F42F-97A0-F03D6E8BDFBD}.Release|Any CPU.ActiveCfg = Release|Any CPU
		{A884B05A-860A-F42F-97A0-F03D6E8BDFBD}.Release|Any CPU.Build.0 = Release|Any CPU
		{151DB113-59CD-EA4A-E670-6E7C4D6887C4}.Debug|Any CPU.ActiveCfg = Debug|Any CPU
		{151DB113-59CD-EA4A-E670-6E7C4D6887C4}.Debug|Any CPU.Build.0 = Debug|Any CPU
		{151DB113-59CD-EA4A-E670-6E7C4D6887C4}.Release|Any CPU.ActiveCfg = Release|Any CPU
		{151DB113-59CD-EA4A-E670-6E7C4D6887C4}.Release|Any CPU.Build.0 = Release|Any CPU
		{10349060-19E0-43A5-E65E-57F115903BA2}.Debug|Any CPU.ActiveCfg = Debug|Any CPU
		{10349060-19E0-43A5-E65E-57F115903BA2}.Debug|Any CPU.Build.0 = Debug|Any CPU
		{10349060-19E0-43A5-E65E-57F115903BA2}.Release|Any CPU.ActiveCfg = Release|Any CPU
		{10349060-19E0-43A5-E65E-57F115903BA2}.Release|Any CPU.Build.0 = Release|Any CPU
		{8DD732DA-3305-C99D-6D49-EB2F971A9699}.Debug|Any CPU.ActiveCfg = Debug|Any CPU
		{8DD732DA-3305-C99D-6D49-EB2F971A9699}.Debug|Any CPU.Build.0 = Debug|Any CPU
		{8DD732DA-3305-C99D-6D49-EB2F971A9699}.Release|Any CPU.ActiveCfg = Release|Any CPU
		{8DD732DA-3305-C99D-6D49-EB2F971A9699}.Release|Any CPU.Build.0 = Release|Any CPU
		{A33D1F1D-668D-D20C-F44D-B40B78863DC1}.Debug|Any CPU.ActiveCfg = Debug|Any CPU
		{A33D1F1D-668D-D20C-F44D-B40B78863DC1}.Debug|Any CPU.Build.0 = Debug|Any CPU
		{A33D1F1D-668D-D20C-F44D-B40B78863DC1}.Release|Any CPU.ActiveCfg = Release|Any CPU
		{A33D1F1D-668D-D20C-F44D-B40B78863DC1}.Release|Any CPU.Build.0 = Release|Any CPU
		{96348BBC-3C21-E4DA-6DC2-2810A45C4E94}.Debug|Any CPU.ActiveCfg = Debug|Any CPU
		{96348BBC-3C21-E4DA-6DC2-2810A45C4E94}.Debug|Any CPU.Build.0 = Debug|Any CPU
		{96348BBC-3C21-E4DA-6DC2-2810A45C4E94}.Release|Any CPU.ActiveCfg = Release|Any CPU
		{96348BBC-3C21-E4DA-6DC2-2810A45C4E94}.Release|Any CPU.Build.0 = Release|Any CPU
		{D6956522-4187-918E-37E4-100EC4CDA2EE}.Debug|Any CPU.ActiveCfg = Debug|Any CPU
		{D6956522-4187-918E-37E4-100EC4CDA2EE}.Debug|Any CPU.Build.0 = Debug|Any CPU
		{D6956522-4187-918E-37E4-100EC4CDA2EE}.Release|Any CPU.ActiveCfg = Release|Any CPU
		{D6956522-4187-918E-37E4-100EC4CDA2EE}.Release|Any CPU.Build.0 = Release|Any CPU
	EndGlobalSection
	GlobalSection(SolutionProperties) = preSolution
		HideSolutionNode = FALSE
	EndGlobalSection
EndGlobal
